// !$*UTF8*$!
{
	archiveVersion = 1;
	classes = {
	};
	objectVersion = 46;
	objects = {

/* Begin PBXBuildFile section */
		B68757311B4DAD2100AB0A3E /* NREViewerScene.m in Sources */ = {isa = PBXBuildFile; fileRef = B68757301B4DAD2100AB0A3E /* NREViewerScene.m */; };
		B68757361B4DE10500AB0A3E /* NRERoverSprite.m in Sources */ = {isa = PBXBuildFile; fileRef = B68757351B4DE10500AB0A3E /* NRERoverSprite.m */; };
		B6F6D1D71B4D42BF006F0A9B /* main.m in Sources */ = {isa = PBXBuildFile; fileRef = B6F6D1D61B4D42BF006F0A9B /* main.m */; };
		B6F6D1DA1B4D42BF006F0A9B /* AppDelegate.m in Sources */ = {isa = PBXBuildFile; fileRef = B6F6D1D91B4D42BF006F0A9B /* AppDelegate.m */; };
		B6F6D1DD1B4D42BF006F0A9B /* ViewController.m in Sources */ = {isa = PBXBuildFile; fileRef = B6F6D1DC1B4D42BF006F0A9B /* ViewController.m */; };
		B6F6D1E01B4D42BF006F0A9B /* Main.storyboard in Resources */ = {isa = PBXBuildFile; fileRef = B6F6D1DE1B4D42BF006F0A9B /* Main.storyboard */; };
		B6F6D1E21B4D42BF006F0A9B /* Images.xcassets in Resources */ = {isa = PBXBuildFile; fileRef = B6F6D1E11B4D42BF006F0A9B /* Images.xcassets */; };
		B6F6D1E51B4D42BF006F0A9B /* LaunchScreen.xib in Resources */ = {isa = PBXBuildFile; fileRef = B6F6D1E31B4D42BF006F0A9B /* LaunchScreen.xib */; };
		B6F6D1F11B4D42BF006F0A9B /* NasaRoverExplorerTests.m in Sources */ = {isa = PBXBuildFile; fileRef = B6F6D1F01B4D42BF006F0A9B /* NasaRoverExplorerTests.m */; };
		B6F6D1FC1B4D51B9006F0A9B /* NSString+Utils.m in Sources */ = {isa = PBXBuildFile; fileRef = B6F6D1FB1B4D51B9006F0A9B /* NSString+Utils.m */; };
		B6F6D1FF1B4D5346006F0A9B /* NRERoversManager.m in Sources */ = {isa = PBXBuildFile; fileRef = B6F6D1FE1B4D5346006F0A9B /* NRERoversManager.m */; };
		B6F6D2031B4D5364006F0A9B /* NRERover.m in Sources */ = {isa = PBXBuildFile; fileRef = B6F6D2021B4D5364006F0A9B /* NRERover.m */; };
/* End PBXBuildFile section */

/* Begin PBXContainerItemProxy section */
		B6F6D1EB1B4D42BF006F0A9B /* PBXContainerItemProxy */ = {
			isa = PBXContainerItemProxy;
			containerPortal = B6F6D1C91B4D42BF006F0A9B /* Project object */;
			proxyType = 1;
			remoteGlobalIDString = B6F6D1D01B4D42BF006F0A9B;
			remoteInfo = NasaRoverExplorer;
		};
/* End PBXContainerItemProxy section */

/* Begin PBXFileReference section */
		B687572F1B4DAD2100AB0A3E /* NREViewerScene.h */ = {isa = PBXFileReference; fileEncoding = 4; lastKnownFileType = sourcecode.c.h; path = NREViewerScene.h; sourceTree = "<group>"; };
		B68757301B4DAD2100AB0A3E /* NREViewerScene.m */ = {isa = PBXFileReference; fileEncoding = 4; lastKnownFileType = sourcecode.c.objc; path = NREViewerScene.m; sourceTree = "<group>"; };
		B68757321B4DD67D00AB0A3E /* NRERoversManagerDelegate.h */ = {isa = PBXFileReference; fileEncoding = 4; lastKnownFileType = sourcecode.c.h; path = NRERoversManagerDelegate.h; sourceTree = "<group>"; };
		B68757331B4DD6F000AB0A3E /* NRETypes.h */ = {isa = PBXFileReference; lastKnownFileType = sourcecode.c.h; path = NRETypes.h; sourceTree = "<group>"; };
		B68757341B4DE10500AB0A3E /* NRERoverSprite.h */ = {isa = PBXFileReference; fileEncoding = 4; lastKnownFileType = sourcecode.c.h; path = NRERoverSprite.h; sourceTree = "<group>"; };
		B68757351B4DE10500AB0A3E /* NRERoverSprite.m */ = {isa = PBXFileReference; fileEncoding = 4; lastKnownFileType = sourcecode.c.objc; path = NRERoverSprite.m; sourceTree = "<group>"; };
		B6F6D1D11B4D42BF006F0A9B /* NasaRoverExplorer.app */ = {isa = PBXFileReference; explicitFileType = wrapper.application; includeInIndex = 0; path = NasaRoverExplorer.app; sourceTree = BUILT_PRODUCTS_DIR; };
		B6F6D1D51B4D42BF006F0A9B /* Info.plist */ = {isa = PBXFileReference; lastKnownFileType = text.plist.xml; path = Info.plist; sourceTree = "<group>"; };
		B6F6D1D61B4D42BF006F0A9B /* main.m */ = {isa = PBXFileReference; lastKnownFileType = sourcecode.c.objc; path = main.m; sourceTree = "<group>"; };
		B6F6D1D81B4D42BF006F0A9B /* AppDelegate.h */ = {isa = PBXFileReference; lastKnownFileType = sourcecode.c.h; path = AppDelegate.h; sourceTree = "<group>"; };
		B6F6D1D91B4D42BF006F0A9B /* AppDelegate.m */ = {isa = PBXFileReference; lastKnownFileType = sourcecode.c.objc; path = AppDelegate.m; sourceTree = "<group>"; };
		B6F6D1DB1B4D42BF006F0A9B /* ViewController.h */ = {isa = PBXFileReference; lastKnownFileType = sourcecode.c.h; path = ViewController.h; sourceTree = "<group>"; };
		B6F6D1DC1B4D42BF006F0A9B /* ViewController.m */ = {isa = PBXFileReference; lastKnownFileType = sourcecode.c.objc; path = ViewController.m; sourceTree = "<group>"; };
		B6F6D1DF1B4D42BF006F0A9B /* Base */ = {isa = PBXFileReference; lastKnownFileType = file.storyboard; name = Base; path = Base.lproj/Main.storyboard; sourceTree = "<group>"; };
		B6F6D1E11B4D42BF006F0A9B /* Images.xcassets */ = {isa = PBXFileReference; lastKnownFileType = folder.assetcatalog; path = Images.xcassets; sourceTree = "<group>"; };
		B6F6D1E41B4D42BF006F0A9B /* Base */ = {isa = PBXFileReference; lastKnownFileType = file.xib; name = Base; path = Base.lproj/LaunchScreen.xib; sourceTree = "<group>"; };
		B6F6D1EA1B4D42BF006F0A9B /* NasaRoverExplorerTests.xctest */ = {isa = PBXFileReference; explicitFileType = wrapper.cfbundle; includeInIndex = 0; path = NasaRoverExplorerTests.xctest; sourceTree = BUILT_PRODUCTS_DIR; };
		B6F6D1EF1B4D42BF006F0A9B /* Info.plist */ = {isa = PBXFileReference; lastKnownFileType = text.plist.xml; path = Info.plist; sourceTree = "<group>"; };
		B6F6D1F01B4D42BF006F0A9B /* NasaRoverExplorerTests.m */ = {isa = PBXFileReference; lastKnownFileType = sourcecode.c.objc; path = NasaRoverExplorerTests.m; sourceTree = "<group>"; };
		B6F6D1FA1B4D51B9006F0A9B /* NSString+Utils.h */ = {isa = PBXFileReference; fileEncoding = 4; lastKnownFileType = sourcecode.c.h; path = "NSString+Utils.h"; sourceTree = "<group>"; };
		B6F6D1FB1B4D51B9006F0A9B /* NSString+Utils.m */ = {isa = PBXFileReference; fileEncoding = 4; lastKnownFileType = sourcecode.c.objc; path = "NSString+Utils.m"; sourceTree = "<group>"; };
		B6F6D1FD1B4D5346006F0A9B /* NRERoversManager.h */ = {isa = PBXFileReference; fileEncoding = 4; lastKnownFileType = sourcecode.c.h; path = NRERoversManager.h; sourceTree = "<group>"; };
		B6F6D1FE1B4D5346006F0A9B /* NRERoversManager.m */ = {isa = PBXFileReference; fileEncoding = 4; lastKnownFileType = sourcecode.c.objc; path = NRERoversManager.m; sourceTree = "<group>"; };
		B6F6D2011B4D5364006F0A9B /* NRERover.h */ = {isa = PBXFileReference; fileEncoding = 4; lastKnownFileType = sourcecode.c.h; path = NRERover.h; sourceTree = "<group>"; };
		B6F6D2021B4D5364006F0A9B /* NRERover.m */ = {isa = PBXFileReference; fileEncoding = 4; lastKnownFileType = sourcecode.c.objc; path = NRERover.m; sourceTree = "<group>"; };
/* End PBXFileReference section */

/* Begin PBXFrameworksBuildPhase section */
		B6F6D1CE1B4D42BF006F0A9B /* Frameworks */ = {
			isa = PBXFrameworksBuildPhase;
			buildActionMask = 2147483647;
			files = (
			);
			runOnlyForDeploymentPostprocessing = 0;
		};
		B6F6D1E71B4D42BF006F0A9B /* Frameworks */ = {
			isa = PBXFrameworksBuildPhase;
			buildActionMask = 2147483647;
			files = (
			);
			runOnlyForDeploymentPostprocessing = 0;
		};
/* End PBXFrameworksBuildPhase section */

/* Begin PBXGroup section */
		B687572E1B4DA3E700AB0A3E /* Viewer */ = {
			isa = PBXGroup;
			children = (
				B687572F1B4DAD2100AB0A3E /* NREViewerScene.h */,
				B68757301B4DAD2100AB0A3E /* NREViewerScene.m */,
				B68757341B4DE10500AB0A3E /* NRERoverSprite.h */,
				B68757351B4DE10500AB0A3E /* NRERoverSprite.m */,
			);
			name = Viewer;
			sourceTree = "<group>";
		};
		B6F6D1C81B4D42BF006F0A9B = {
			isa = PBXGroup;
			children = (
				B6F6D1D31B4D42BF006F0A9B /* NasaRoverExplorer */,
				B6F6D1ED1B4D42BF006F0A9B /* NasaRoverExplorerTests */,
				B6F6D1D21B4D42BF006F0A9B /* Products */,
			);
			sourceTree = "<group>";
		};
		B6F6D1D21B4D42BF006F0A9B /* Products */ = {
			isa = PBXGroup;
			children = (
				B6F6D1D11B4D42BF006F0A9B /* NasaRoverExplorer.app */,
				B6F6D1EA1B4D42BF006F0A9B /* NasaRoverExplorerTests.xctest */,
			);
			name = Products;
			sourceTree = "<group>";
		};
		B6F6D1D31B4D42BF006F0A9B /* NasaRoverExplorer */ = {
			isa = PBXGroup;
			children = (
				B687572E1B4DA3E700AB0A3E /* Viewer */,
				B6F6D2041B4D5368006F0A9B /* Utils */,
				B6F6D2001B4D534B006F0A9B /* Logic */,
				B6F6D1D81B4D42BF006F0A9B /* AppDelegate.h */,
				B6F6D1D91B4D42BF006F0A9B /* AppDelegate.m */,
				B6F6D1DB1B4D42BF006F0A9B /* ViewController.h */,
				B6F6D1DC1B4D42BF006F0A9B /* ViewController.m */,
				B6F6D1DE1B4D42BF006F0A9B /* Main.storyboard */,
				B6F6D1E11B4D42BF006F0A9B /* Images.xcassets */,
				B6F6D1E31B4D42BF006F0A9B /* LaunchScreen.xib */,
				B6F6D1D41B4D42BF006F0A9B /* Supporting Files */,
			);
			path = NasaRoverExplorer;
			sourceTree = "<group>";
		};
		B6F6D1D41B4D42BF006F0A9B /* Supporting Files */ = {
			isa = PBXGroup;
			children = (
				B6F6D1D51B4D42BF006F0A9B /* Info.plist */,
				B6F6D1D61B4D42BF006F0A9B /* main.m */,
			);
			name = "Supporting Files";
			sourceTree = "<group>";
		};
		B6F6D1ED1B4D42BF006F0A9B /* NasaRoverExplorerTests */ = {
			isa = PBXGroup;
			children = (
				B6F6D1F01B4D42BF006F0A9B /* NasaRoverExplorerTests.m */,
				B6F6D1EE1B4D42BF006F0A9B /* Supporting Files */,
			);
			path = NasaRoverExplorerTests;
			sourceTree = "<group>";
		};
		B6F6D1EE1B4D42BF006F0A9B /* Supporting Files */ = {
			isa = PBXGroup;
			children = (
				B6F6D1EF1B4D42BF006F0A9B /* Info.plist */,
			);
			name = "Supporting Files";
			sourceTree = "<group>";
		};
		B6F6D2001B4D534B006F0A9B /* Logic */ = {
			isa = PBXGroup;
			children = (
				B6F6D1FD1B4D5346006F0A9B /* NRERoversManager.h */,
				B6F6D1FE1B4D5346006F0A9B /* NRERoversManager.m */,
				B6F6D2011B4D5364006F0A9B /* NRERover.h */,
				B6F6D2021B4D5364006F0A9B /* NRERover.m */,
				B68757321B4DD67D00AB0A3E /* NRERoversManagerDelegate.h */,
				B68757331B4DD6F000AB0A3E /* NRETypes.h */,
			);
			name = Logic;
			sourceTree = "<group>";
		};
		B6F6D2041B4D5368006F0A9B /* Utils */ = {
			isa = PBXGroup;
			children = (
				B6F6D1FA1B4D51B9006F0A9B /* NSString+Utils.h */,
				B6F6D1FB1B4D51B9006F0A9B /* NSString+Utils.m */,
			);
			name = Utils;
			sourceTree = "<group>";
		};
/* End PBXGroup section */

/* Begin PBXNativeTarget section */
		B6F6D1D01B4D42BF006F0A9B /* NasaRoverExplorer */ = {
			isa = PBXNativeTarget;
			buildConfigurationList = B6F6D1F41B4D42BF006F0A9B /* Build configuration list for PBXNativeTarget "NasaRoverExplorer" */;
			buildPhases = (
				B6F6D1CD1B4D42BF006F0A9B /* Sources */,
				B6F6D1CE1B4D42BF006F0A9B /* Frameworks */,
				B6F6D1CF1B4D42BF006F0A9B /* Resources */,
			);
			buildRules = (
			);
			dependencies = (
			);
			name = NasaRoverExplorer;
			productName = NasaRoverExplorer;
			productReference = B6F6D1D11B4D42BF006F0A9B /* NasaRoverExplorer.app */;
			productType = "com.apple.product-type.application";
		};
		B6F6D1E91B4D42BF006F0A9B /* NasaRoverExplorerTests */ = {
			isa = PBXNativeTarget;
			buildConfigurationList = B6F6D1F71B4D42BF006F0A9B /* Build configuration list for PBXNativeTarget "NasaRoverExplorerTests" */;
			buildPhases = (
				B6F6D1E61B4D42BF006F0A9B /* Sources */,
				B6F6D1E71B4D42BF006F0A9B /* Frameworks */,
				B6F6D1E81B4D42BF006F0A9B /* Resources */,
			);
			buildRules = (
			);
			dependencies = (
				B6F6D1EC1B4D42BF006F0A9B /* PBXTargetDependency */,
			);
			name = NasaRoverExplorerTests;
			productName = NasaRoverExplorerTests;
			productReference = B6F6D1EA1B4D42BF006F0A9B /* NasaRoverExplorerTests.xctest */;
			productType = "com.apple.product-type.bundle.unit-test";
		};
/* End PBXNativeTarget section */

/* Begin PBXProject section */
		B6F6D1C91B4D42BF006F0A9B /* Project object */ = {
			isa = PBXProject;
			attributes = {
				LastUpgradeCheck = 0640;
				ORGANIZATIONNAME = "Guillermo Zafra";
				TargetAttributes = {
					B6F6D1D01B4D42BF006F0A9B = {
						CreatedOnToolsVersion = 6.4;
					};
					B6F6D1E91B4D42BF006F0A9B = {
						CreatedOnToolsVersion = 6.4;
						TestTargetID = B6F6D1D01B4D42BF006F0A9B;
					};
				};
			};
			buildConfigurationList = B6F6D1CC1B4D42BF006F0A9B /* Build configuration list for PBXProject "NasaRoverExplorer" */;
			compatibilityVersion = "Xcode 3.2";
			developmentRegion = English;
			hasScannedForEncodings = 0;
			knownRegions = (
				en,
				Base,
			);
			mainGroup = B6F6D1C81B4D42BF006F0A9B;
			productRefGroup = B6F6D1D21B4D42BF006F0A9B /* Products */;
			projectDirPath = "";
			projectRoot = "";
			targets = (
				B6F6D1D01B4D42BF006F0A9B /* NasaRoverExplorer */,
				B6F6D1E91B4D42BF006F0A9B /* NasaRoverExplorerTests */,
			);
		};
/* End PBXProject section */

/* Begin PBXResourcesBuildPhase section */
		B6F6D1CF1B4D42BF006F0A9B /* Resources */ = {
			isa = PBXResourcesBuildPhase;
			buildActionMask = 2147483647;
			files = (
				B6F6D1E01B4D42BF006F0A9B /* Main.storyboard in Resources */,
				B6F6D1E51B4D42BF006F0A9B /* LaunchScreen.xib in Resources */,
				B6F6D1E21B4D42BF006F0A9B /* Images.xcassets in Resources */,
			);
			runOnlyForDeploymentPostprocessing = 0;
		};
		B6F6D1E81B4D42BF006F0A9B /* Resources */ = {
			isa = PBXResourcesBuildPhase;
			buildActionMask = 2147483647;
			files = (
			);
			runOnlyForDeploymentPostprocessing = 0;
		};
/* End PBXResourcesBuildPhase section */

/* Begin PBXSourcesBuildPhase section */
		B6F6D1CD1B4D42BF006F0A9B /* Sources */ = {
			isa = PBXSourcesBuildPhase;
			buildActionMask = 2147483647;
			files = (
				B6F6D2031B4D5364006F0A9B /* NRERover.m in Sources */,
				B6F6D1FC1B4D51B9006F0A9B /* NSString+Utils.m in Sources */,
				B6F6D1DD1B4D42BF006F0A9B /* ViewController.m in Sources */,
				B6F6D1DA1B4D42BF006F0A9B /* AppDelegate.m in Sources */,
				B68757311B4DAD2100AB0A3E /* NREViewerScene.m in Sources */,
				B68757361B4DE10500AB0A3E /* NRERoverSprite.m in Sources */,
				B6F6D1FF1B4D5346006F0A9B /* NRERoversManager.m in Sources */,
				B6F6D1D71B4D42BF006F0A9B /* main.m in Sources */,
			);
			runOnlyForDeploymentPostprocessing = 0;
		};
		B6F6D1E61B4D42BF006F0A9B /* Sources */ = {
			isa = PBXSourcesBuildPhase;
			buildActionMask = 2147483647;
			files = (
				B6F6D1F11B4D42BF006F0A9B /* NasaRoverExplorerTests.m in Sources */,
			);
			runOnlyForDeploymentPostprocessing = 0;
		};
/* End PBXSourcesBuildPhase section */

/* Begin PBXTargetDependency section */
		B6F6D1EC1B4D42BF006F0A9B /* PBXTargetDependency */ = {
			isa = PBXTargetDependency;
			target = B6F6D1D01B4D42BF006F0A9B /* NasaRoverExplorer */;
			targetProxy = B6F6D1EB1B4D42BF006F0A9B /* PBXContainerItemProxy */;
		};
/* End PBXTargetDependency section */

/* Begin PBXVariantGroup section */
		B6F6D1DE1B4D42BF006F0A9B /* Main.storyboard */ = {
			isa = PBXVariantGroup;
			children = (
				B6F6D1DF1B4D42BF006F0A9B /* Base */,
			);
			name = Main.storyboard;
			sourceTree = "<group>";
		};
		B6F6D1E31B4D42BF006F0A9B /* LaunchScreen.xib */ = {
			isa = PBXVariantGroup;
			children = (
				B6F6D1E41B4D42BF006F0A9B /* Base */,
			);
			name = LaunchScreen.xib;
			sourceTree = "<group>";
		};
/* End PBXVariantGroup section */

/* Begin XCBuildConfiguration section */
		B6F6D1F21B4D42BF006F0A9B /* Debug */ = {
			isa = XCBuildConfiguration;
			buildSettings = {
				ALWAYS_SEARCH_USER_PATHS = NO;
				CLANG_CXX_LANGUAGE_STANDARD = "gnu++0x";
				CLANG_CXX_LIBRARY = "libc++";
				CLANG_ENABLE_MODULES = YES;
				CLANG_ENABLE_OBJC_ARC = YES;
				CLANG_WARN_BOOL_CONVERSION = YES;
				CLANG_WARN_CONSTANT_CONVERSION = YES;
				CLANG_WARN_DIRECT_OBJC_ISA_USAGE = YES_ERROR;
				CLANG_WARN_EMPTY_BODY = YES;
				CLANG_WARN_ENUM_CONVERSION = YES;
				CLANG_WARN_INT_CONVERSION = YES;
				CLANG_WARN_OBJC_ROOT_CLASS = YES_ERROR;
				CLANG_WARN_UNREACHABLE_CODE = YES;
				CLANG_WARN__DUPLICATE_METHOD_MATCH = YES;
				"CODE_SIGN_IDENTITY[sdk=iphoneos*]" = "iPhone Developer";
				COPY_PHASE_STRIP = NO;
				DEBUG_INFORMATION_FORMAT = "dwarf-with-dsym";
				ENABLE_STRICT_OBJC_MSGSEND = YES;
				GCC_C_LANGUAGE_STANDARD = gnu99;
				GCC_DYNAMIC_NO_PIC = NO;
				GCC_NO_COMMON_BLOCKS = YES;
				GCC_OPTIMIZATION_LEVEL = 0;
				GCC_PREPROCESSOR_DEFINITIONS = (
					"DEBUG=1",
					"$(inherited)",
				);
				GCC_SYMBOLS_PRIVATE_EXTERN = NO;
				GCC_WARN_64_TO_32_BIT_CONVERSION = YES;
				GCC_WARN_ABOUT_RETURN_TYPE = YES_ERROR;
				GCC_WARN_UNDECLARED_SELECTOR = YES;
				GCC_WARN_UNINITIALIZED_AUTOS = YES_AGGRESSIVE;
				GCC_WARN_UNUSED_FUNCTION = YES;
				GCC_WARN_UNUSED_VARIABLE = YES;
				IPHONEOS_DEPLOYMENT_TARGET = 8.4;
				MTL_ENABLE_DEBUG_INFO = YES;
				ONLY_ACTIVE_ARCH = YES;
				SDKROOT = iphoneos;
				TARGETED_DEVICE_FAMILY = "1,2";
			};
			name = Debug;
		};
		B6F6D1F31B4D42BF006F0A9B /* Release */ = {
			isa = XCBuildConfiguration;
			buildSettings = {
				ALWAYS_SEARCH_USER_PATHS = NO;
				CLANG_CXX_LANGUAGE_STANDARD = "gnu++0x";
				CLANG_CXX_LIBRARY = "libc++";
				CLANG_ENABLE_MODULES = YES;
				CLANG_ENABLE_OBJC_ARC = YES;
				CLANG_WARN_BOOL_CONVERSION = YES;
				CLANG_WARN_CONSTANT_CONVERSION = YES;
				CLANG_WARN_DIRECT_OBJC_ISA_USAGE = YES_ERROR;
				CLANG_WARN_EMPTY_BODY = YES;
				CLANG_WARN_ENUM_CONVERSION = YES;
				CLANG_WARN_INT_CONVERSION = YES;
				CLANG_WARN_OBJC_ROOT_CLASS = YES_ERROR;
				CLANG_WARN_UNREACHABLE_CODE = YES;
				CLANG_WARN__DUPLICATE_METHOD_MATCH = YES;
				"CODE_SIGN_IDENTITY[sdk=iphoneos*]" = "iPhone Developer";
				COPY_PHASE_STRIP = NO;
				DEBUG_INFORMATION_FORMAT = "dwarf-with-dsym";
				ENABLE_NS_ASSERTIONS = NO;
				ENABLE_STRICT_OBJC_MSGSEND = YES;
				GCC_C_LANGUAGE_STANDARD = gnu99;
				GCC_NO_COMMON_BLOCKS = YES;
				GCC_WARN_64_TO_32_BIT_CONVERSION = YES;
				GCC_WARN_ABOUT_RETURN_TYPE = YES_ERROR;
				GCC_WARN_UNDECLARED_SELECTOR = YES;
				GCC_WARN_UNINITIALIZED_AUTOS = YES_AGGRESSIVE;
				GCC_WARN_UNUSED_FUNCTION = YES;
				GCC_WARN_UNUSED_VARIABLE = YES;
				IPHONEOS_DEPLOYMENT_TARGET = 8.4;
				MTL_ENABLE_DEBUG_INFO = NO;
				SDKROOT = iphoneos;
				TARGETED_DEVICE_FAMILY = "1,2";
				VALIDATE_PRODUCT = YES;
			};
			name = Release;
		};
		B6F6D1F51B4D42BF006F0A9B /* Debug */ = {
			isa = XCBuildConfiguration;
			buildSettings = {
				ASSETCATALOG_COMPILER_APPICON_NAME = AppIcon;
				INFOPLIST_FILE = NasaRoverExplorer/Info.plist;
				IPHONEOS_DEPLOYMENT_TARGET = 8.0;
				LD_RUNPATH_SEARCH_PATHS = "$(inherited) @executable_path/Frameworks";
				PRODUCT_NAME = "$(TARGET_NAME)";
			};
			name = Debug;
		};
		B6F6D1F61B4D42BF006F0A9B /* Release */ = {
			isa = XCBuildConfiguration;
			buildSettings = {
				ASSETCATALOG_COMPILER_APPICON_NAME = AppIcon;
				INFOPLIST_FILE = NasaRoverExplorer/Info.plist;
				IPHONEOS_DEPLOYMENT_TARGET = 8.0;
				LD_RUNPATH_SEARCH_PATHS = "$(inherited) @executable_path/Frameworks";
				PRODUCT_NAME = "$(TARGET_NAME)";
			};
			name = Release;
		};
		B6F6D1F81B4D42BF006F0A9B /* Debug */ = {
			isa = XCBuildConfiguration;
			buildSettings = {
				BUNDLE_LOADER = "$(TEST_HOST)";
				FRAMEWORK_SEARCH_PATHS = (
					"$(SDKROOT)/Developer/Library/Frameworks",
					"$(inherited)",
				);
				GCC_PREPROCESSOR_DEFINITIONS = (
					"DEBUG=1",
					"$(inherited)",
				);
				INFOPLIST_FILE = NasaRoverExplorerTests/Info.plist;
				LD_RUNPATH_SEARCH_PATHS = "$(inherited) @executable_path/Frameworks @loader_path/Frameworks";
				PRODUCT_NAME = "$(TARGET_NAME)";
				TEST_HOST = "$(BUILT_PRODUCTS_DIR)/NasaRoverExplorer.app/NasaRoverExplorer";
			};
			name = Debug;
		};
		B6F6D1F91B4D42BF006F0A9B /* Release */ = {
			isa = XCBuildConfiguration;
			buildSettings = {
				BUNDLE_LOADER = "$(TEST_HOST)";
				FRAMEWORK_SEARCH_PATHS = (
					"$(SDKROOT)/Developer/Library/Frameworks",
					"$(inherited)",
				);
				INFOPLIST_FILE = NasaRoverExplorerTests/Info.plist;
				LD_RUNPATH_SEARCH_PATHS = "$(inherited) @executable_path/Frameworks @loader_path/Frameworks";
				PRODUCT_NAME = "$(TARGET_NAME)";
				TEST_HOST = "$(BUILT_PRODUCTS_DIR)/NasaRoverExplorer.app/NasaRoverExplorer";
			};
			name = Release;
		};
/* End XCBuildConfiguration section */

/* Begin XCConfigurationList section */
		B6F6D1CC1B4D42BF006F0A9B /* Build configuration list for PBXProject "NasaRoverExplorer" */ = {
			isa = XCConfigurationList;
			buildConfigurations = (
				B6F6D1F21B4D42BF006F0A9B /* Debug */,
				B6F6D1F31B4D42BF006F0A9B /* Release */,
			);
			defaultConfigurationIsVisible = 0;
			defaultConfigurationName = Release;
		};
		B6F6D1F41B4D42BF006F0A9B /* Build configuration list for PBXNativeTarget "NasaRoverExplorer" */ = {
			isa = XCConfigurationList;
			buildConfigurations = (
				B6F6D1F51B4D42BF006F0A9B /* Debug */,
				B6F6D1F61B4D42BF006F0A9B /* Release */,
			);
			defaultConfigurationIsVisible = 0;
			defaultConfigurationName = Release;
		};
		B6F6D1F71B4D42BF006F0A9B /* Build configuration list for PBXNativeTarget "NasaRoverExplorerTests" */ = {
			isa = XCConfigurationList;
			buildConfigurations = (
				B6F6D1F81B4D42BF006F0A9B /* Debug */,
				B6F6D1F91B4D42BF006F0A9B /* Release */,
			);
			defaultConfigurationIsVisible = 0;
			defaultConfigurationName = Release;
		};
/* End XCConfigurationList section */
	};
	rootObject = B6F6D1C91B4D42BF006F0A9B /* Project object */;
}
